// !$*UTF8*$!
{
	archiveVersion = 1;
	classes = {
	};
	objectVersion = 46;
	objects = {

/* Begin PBXBuildFile section */
		F24EFE2A1D1C5FD800C59430 /* AppDelegate.swift in Sources */ = {isa = PBXBuildFile; fileRef = F24EFE291D1C5FD800C59430 /* AppDelegate.swift */; };
		F24EFE2C1D1C5FD800C59430 /* ViewController.swift in Sources */ = {isa = PBXBuildFile; fileRef = F24EFE2B1D1C5FD800C59430 /* ViewController.swift */; };
		F24EFE2F1D1C5FD800C59430 /* Main.storyboard in Resources */ = {isa = PBXBuildFile; fileRef = F24EFE2D1D1C5FD800C59430 /* Main.storyboard */; };
		F24EFE311D1C5FD800C59430 /* Assets.xcassets in Resources */ = {isa = PBXBuildFile; fileRef = F24EFE301D1C5FD800C59430 /* Assets.xcassets */; };
		F24EFE341D1C5FD800C59430 /* LaunchScreen.storyboard in Resources */ = {isa = PBXBuildFile; fileRef = F24EFE321D1C5FD800C59430 /* LaunchScreen.storyboard */; };
		F24EFE3F1D1C5FD800C59430 /* UrCalTests.swift in Sources */ = {isa = PBXBuildFile; fileRef = F24EFE3E1D1C5FD800C59430 /* UrCalTests.swift */; };
		F24EFE4A1D1C5FD800C59430 /* UrCalUITests.swift in Sources */ = {isa = PBXBuildFile; fileRef = F24EFE491D1C5FD800C59430 /* UrCalUITests.swift */; };
/* End PBXBuildFile section */

/* Begin PBXContainerItemProxy section */
		F24EFE3B1D1C5FD800C59430 /* PBXContainerItemProxy */ = {
			isa = PBXContainerItemProxy;
			containerPortal = F24EFE1E1D1C5FD800C59430 /* Project object */;
			proxyType = 1;
			remoteGlobalIDString = F24EFE251D1C5FD800C59430;
			remoteInfo = UrCal;
		};
		F24EFE461D1C5FD800C59430 /* PBXContainerItemProxy */ = {
			isa = PBXContainerItemProxy;
			containerPortal = F24EFE1E1D1C5FD800C59430 /* Project object */;
			proxyType = 1;
			remoteGlobalIDString = F24EFE251D1C5FD800C59430;
			remoteInfo = UrCal;
		};
/* End PBXContainerItemProxy section */

/* Begin PBXFileReference section */
		F24EFE261D1C5FD800C59430 /* UrCal.app */ = {isa = PBXFileReference; explicitFileType = wrapper.application; includeInIndex = 0; path = UrCal.app; sourceTree = BUILT_PRODUCTS_DIR; };
		F24EFE291D1C5FD800C59430 /* AppDelegate.swift */ = {isa = PBXFileReference; lastKnownFileType = sourcecode.swift; path = AppDelegate.swift; sourceTree = "<group>"; };
		F24EFE2B1D1C5FD800C59430 /* ViewController.swift */ = {isa = PBXFileReference; lastKnownFileType = sourcecode.swift; path = ViewController.swift; sourceTree = "<group>"; };
		F24EFE2E1D1C5FD800C59430 /* Base */ = {isa = PBXFileReference; lastKnownFileType = file.storyboard; name = Base; path = Base.lproj/Main.storyboard; sourceTree = "<group>"; };
		F24EFE301D1C5FD800C59430 /* Assets.xcassets */ = {isa = PBXFileReference; lastKnownFileType = folder.assetcatalog; path = Assets.xcassets; sourceTree = "<group>"; };
		F24EFE331D1C5FD800C59430 /* Base */ = {isa = PBXFileReference; lastKnownFileType = file.storyboard; name = Base; path = Base.lproj/LaunchScreen.storyboard; sourceTree = "<group>"; };
		F24EFE351D1C5FD800C59430 /* Info.plist */ = {isa = PBXFileReference; lastKnownFileType = text.plist.xml; path = Info.plist; sourceTree = "<group>"; };
		F24EFE3A1D1C5FD800C59430 /* UrCalTests.xctest */ = {isa = PBXFileReference; explicitFileType = wrapper.cfbundle; includeInIndex = 0; path = UrCalTests.xctest; sourceTree = BUILT_PRODUCTS_DIR; };
		F24EFE3E1D1C5FD800C59430 /* UrCalTests.swift */ = {isa = PBXFileReference; lastKnownFileType = sourcecode.swift; path = UrCalTests.swift; sourceTree = "<group>"; };
		F24EFE401D1C5FD800C59430 /* Info.plist */ = {isa = PBXFileReference; lastKnownFileType = text.plist.xml; path = Info.plist; sourceTree = "<group>"; };
		F24EFE451D1C5FD800C59430 /* UrCalUITests.xctest */ = {isa = PBXFileReference; explicitFileType = wrapper.cfbundle; includeInIndex = 0; path = UrCalUITests.xctest; sourceTree = BUILT_PRODUCTS_DIR; };
		F24EFE491D1C5FD800C59430 /* UrCalUITests.swift */ = {isa = PBXFileReference; lastKnownFileType = sourcecode.swift; path = UrCalUITests.swift; sourceTree = "<group>"; };
		F24EFE4B1D1C5FD800C59430 /* Info.plist */ = {isa = PBXFileReference; lastKnownFileType = text.plist.xml; path = Info.plist; sourceTree = "<group>"; };
/* End PBXFileReference section */

/* Begin PBXFrameworksBuildPhase section */
		F24EFE231D1C5FD800C59430 /* Frameworks */ = {
			isa = PBXFrameworksBuildPhase;
			buildActionMask = 2147483647;
			files = (
			);
			runOnlyForDeploymentPostprocessing = 0;
		};
		F24EFE371D1C5FD800C59430 /* Frameworks */ = {
			isa = PBXFrameworksBuildPhase;
			buildActionMask = 2147483647;
			files = (
			);
			runOnlyForDeploymentPostprocessing = 0;
		};
		F24EFE421D1C5FD800C59430 /* Frameworks */ = {
			isa = PBXFrameworksBuildPhase;
			buildActionMask = 2147483647;
			files = (
			);
			runOnlyForDeploymentPostprocessing = 0;
		};
/* End PBXFrameworksBuildPhase section */

/* Begin PBXGroup section */
		F24EFE1D1D1C5FD800C59430 = {
			isa = PBXGroup;
			children = (
				F24EFE281D1C5FD800C59430 /* UrCal */,
				F24EFE3D1D1C5FD800C59430 /* UrCalTests */,
				F24EFE481D1C5FD800C59430 /* UrCalUITests */,
				F24EFE271D1C5FD800C59430 /* Products */,
			);
			sourceTree = "<group>";
		};
		F24EFE271D1C5FD800C59430 /* Products */ = {
			isa = PBXGroup;
			children = (
				F24EFE261D1C5FD800C59430 /* UrCal.app */,
				F24EFE3A1D1C5FD800C59430 /* UrCalTests.xctest */,
				F24EFE451D1C5FD800C59430 /* UrCalUITests.xctest */,
			);
			name = Products;
			sourceTree = "<group>";
		};
		F24EFE281D1C5FD800C59430 /* UrCal */ = {
			isa = PBXGroup;
			children = (
				F24EFE291D1C5FD800C59430 /* AppDelegate.swift */,
				F24EFE2B1D1C5FD800C59430 /* ViewController.swift */,
				F24EFE2D1D1C5FD800C59430 /* Main.storyboard */,
				F24EFE301D1C5FD800C59430 /* Assets.xcassets */,
				F24EFE321D1C5FD800C59430 /* LaunchScreen.storyboard */,
				F24EFE351D1C5FD800C59430 /* Info.plist */,
			);
			path = UrCal;
			sourceTree = "<group>";
		};
		F24EFE3D1D1C5FD800C59430 /* UrCalTests */ = {
			isa = PBXGroup;
			children = (
				F24EFE3E1D1C5FD800C59430 /* UrCalTests.swift */,
				F24EFE401D1C5FD800C59430 /* Info.plist */,
			);
			path = UrCalTests;
			sourceTree = "<group>";
		};
		F24EFE481D1C5FD800C59430 /* UrCalUITests */ = {
			isa = PBXGroup;
			children = (
				F24EFE491D1C5FD800C59430 /* UrCalUITests.swift */,
				F24EFE4B1D1C5FD800C59430 /* Info.plist */,
			);
			path = UrCalUITests;
			sourceTree = "<group>";
		};
/* End PBXGroup section */

/* Begin PBXNativeTarget section */
		F24EFE251D1C5FD800C59430 /* UrCal */ = {
			isa = PBXNativeTarget;
			buildConfigurationList = F24EFE4E1D1C5FD800C59430 /* Build configuration list for PBXNativeTarget "UrCal" */;
			buildPhases = (
				F24EFE221D1C5FD800C59430 /* Sources */,
				F24EFE231D1C5FD800C59430 /* Frameworks */,
				F24EFE241D1C5FD800C59430 /* Resources */,
			);
			buildRules = (
			);
			dependencies = (
			);
			name = UrCal;
			productName = UrCal;
			productReference = F24EFE261D1C5FD800C59430 /* UrCal.app */;
			productType = "com.apple.product-type.application";
		};
		F24EFE391D1C5FD800C59430 /* UrCalTests */ = {
			isa = PBXNativeTarget;
			buildConfigurationList = F24EFE511D1C5FD800C59430 /* Build configuration list for PBXNativeTarget "UrCalTests" */;
			buildPhases = (
				F24EFE361D1C5FD800C59430 /* Sources */,
				F24EFE371D1C5FD800C59430 /* Frameworks */,
				F24EFE381D1C5FD800C59430 /* Resources */,
			);
			buildRules = (
			);
			dependencies = (
				F24EFE3C1D1C5FD800C59430 /* PBXTargetDependency */,
			);
			name = UrCalTests;
			productName = UrCalTests;
			productReference = F24EFE3A1D1C5FD800C59430 /* UrCalTests.xctest */;
			productType = "com.apple.product-type.bundle.unit-test";
		};
		F24EFE441D1C5FD800C59430 /* UrCalUITests */ = {
			isa = PBXNativeTarget;
			buildConfigurationList = F24EFE541D1C5FD800C59430 /* Build configuration list for PBXNativeTarget "UrCalUITests" */;
			buildPhases = (
				F24EFE411D1C5FD800C59430 /* Sources */,
				F24EFE421D1C5FD800C59430 /* Frameworks */,
				F24EFE431D1C5FD800C59430 /* Resources */,
			);
			buildRules = (
			);
			dependencies = (
				F24EFE471D1C5FD800C59430 /* PBXTargetDependency */,
			);
			name = UrCalUITests;
			productName = UrCalUITests;
			productReference = F24EFE451D1C5FD800C59430 /* UrCalUITests.xctest */;
			productType = "com.apple.product-type.bundle.ui-testing";
		};
/* End PBXNativeTarget section */

/* Begin PBXProject section */
		F24EFE1E1D1C5FD800C59430 /* Project object */ = {
			isa = PBXProject;
			attributes = {
				LastSwiftUpdateCheck = 0730;
				LastUpgradeCheck = 0730;
				ORGANIZATIONNAME = "Feng Chang";
				TargetAttributes = {
					F24EFE251D1C5FD800C59430 = {
						CreatedOnToolsVersion = 7.3.1;
					};
					F24EFE391D1C5FD800C59430 = {
						CreatedOnToolsVersion = 7.3.1;
						TestTargetID = F24EFE251D1C5FD800C59430;
					};
					F24EFE441D1C5FD800C59430 = {
						CreatedOnToolsVersion = 7.3.1;
						TestTargetID = F24EFE251D1C5FD800C59430;
					};
				};
			};
			buildConfigurationList = F24EFE211D1C5FD800C59430 /* Build configuration list for PBXProject "UrCal" */;
			compatibilityVersion = "Xcode 3.2";
			developmentRegion = English;
			hasScannedForEncodings = 0;
			knownRegions = (
				en,
				Base,
			);
			mainGroup = F24EFE1D1D1C5FD800C59430;
			productRefGroup = F24EFE271D1C5FD800C59430 /* Products */;
			projectDirPath = "";
			projectRoot = "";
			targets = (
				F24EFE251D1C5FD800C59430 /* UrCal */,
				F24EFE391D1C5FD800C59430 /* UrCalTests */,
				F24EFE441D1C5FD800C59430 /* UrCalUITests */,
			);
		};
/* End PBXProject section */

/* Begin PBXResourcesBuildPhase section */
		F24EFE241D1C5FD800C59430 /* Resources */ = {
			isa = PBXResourcesBuildPhase;
			buildActionMask = 2147483647;
			files = (
				F24EFE341D1C5FD800C59430 /* LaunchScreen.storyboard in Resources */,
				F24EFE311D1C5FD800C59430 /* Assets.xcassets in Resources */,
				F24EFE2F1D1C5FD800C59430 /* Main.storyboard in Resources */,
			);
			runOnlyForDeploymentPostprocessing = 0;
		};
		F24EFE381D1C5FD800C59430 /* Resources */ = {
			isa = PBXResourcesBuildPhase;
			buildActionMask = 2147483647;
			files = (
			);
			runOnlyForDeploymentPostprocessing = 0;
		};
		F24EFE431D1C5FD800C59430 /* Resources */ = {
			isa = PBXResourcesBuildPhase;
			buildActionMask = 2147483647;
			files = (
			);
			runOnlyForDeploymentPostprocessing = 0;
		};
/* End PBXResourcesBuildPhase section */

/* Begin PBXSourcesBuildPhase section */
		F24EFE221D1C5FD800C59430 /* Sources */ = {
			isa = PBXSourcesBuildPhase;
			buildActionMask = 2147483647;
			files = (
				F24EFE2C1D1C5FD800C59430 /* ViewController.swift in Sources */,
				F24EFE2A1D1C5FD800C59430 /* AppDelegate.swift in Sources */,
			);
			runOnlyForDeploymentPostprocessing = 0;
		};
		F24EFE361D1C5FD800C59430 /* Sources */ = {
			isa = PBXSourcesBuildPhase;
			buildActionMask = 2147483647;
			files = (
				F24EFE3F1D1C5FD800C59430 /* UrCalTests.swift in Sources */,
			);
			runOnlyForDeploymentPostprocessing = 0;
		};
		F24EFE411D1C5FD800C59430 /* Sources */ = {
			isa = PBXSourcesBuildPhase;
			buildActionMask = 2147483647;
			files = (
				F24EFE4A1D1C5FD800C59430 /* UrCalUITests.swift in Sources */,
			);
			runOnlyForDeploymentPostprocessing = 0;
		};
/* End PBXSourcesBuildPhase section */

/* Begin PBXTargetDependency section */
		F24EFE3C1D1C5FD800C59430 /* PBXTargetDependency */ = {
			isa = PBXTargetDependency;
			target = F24EFE251D1C5FD800C59430 /* UrCal */;
			targetProxy = F24EFE3B1D1C5FD800C59430 /* PBXContainerItemProxy */;
		};
		F24EFE471D1C5FD800C59430 /* PBXTargetDependency */ = {
			isa = PBXTargetDependency;
			target = F24EFE251D1C5FD800C59430 /* UrCal */;
			targetProxy = F24EFE461D1C5FD800C59430 /* PBXContainerItemProxy */;
		};
/* End PBXTargetDependency section */

/* Begin PBXVariantGroup section */
		F24EFE2D1D1C5FD800C59430 /* Main.storyboard */ = {
			isa = PBXVariantGroup;
			children = (
				F24EFE2E1D1C5FD800C59430 /* Base */,
			);
			name = Main.storyboard;
			sourceTree = "<group>";
		};
		F24EFE321D1C5FD800C59430 /* LaunchScreen.storyboard */ = {
			isa = PBXVariantGroup;
			children = (
				F24EFE331D1C5FD800C59430 /* Base */,
			);
			name = LaunchScreen.storyboard;
			sourceTree = "<group>";
		};
/* End PBXVariantGroup section */

/* Begin XCBuildConfiguration section */
		F24EFE4C1D1C5FD800C59430 /* Debug */ = {
			isa = XCBuildConfiguration;
			buildSettings = {
				ALWAYS_SEARCH_USER_PATHS = NO;
				CLANG_ANALYZER_NONNULL = YES;
				CLANG_CXX_LANGUAGE_STANDARD = "gnu++0x";
				CLANG_CXX_LIBRARY = "libc++";
				CLANG_ENABLE_MODULES = YES;
				CLANG_ENABLE_OBJC_ARC = YES;
				CLANG_WARN_BOOL_CONVERSION = YES;
				CLANG_WARN_CONSTANT_CONVERSION = YES;
				CLANG_WARN_DIRECT_OBJC_ISA_USAGE = YES_ERROR;
				CLANG_WARN_EMPTY_BODY = YES;
				CLANG_WARN_ENUM_CONVERSION = YES;
				CLANG_WARN_INT_CONVERSION = YES;
				CLANG_WARN_OBJC_ROOT_CLASS = YES_ERROR;
				CLANG_WARN_UNREACHABLE_CODE = YES;
				CLANG_WARN__DUPLICATE_METHOD_MATCH = YES;
				"CODE_SIGN_IDENTITY[sdk=iphoneos*]" = "iPhone Developer";
				COPY_PHASE_STRIP = NO;
				DEBUG_INFORMATION_FORMAT = dwarf;
				ENABLE_STRICT_OBJC_MSGSEND = YES;
				ENABLE_TESTABILITY = YES;
				GCC_C_LANGUAGE_STANDARD = gnu99;
				GCC_DYNAMIC_NO_PIC = NO;
				GCC_NO_COMMON_BLOCKS = YES;
				GCC_OPTIMIZATION_LEVEL = 0;
				GCC_PREPROCESSOR_DEFINITIONS = (
					"DEBUG=1",
					"$(inherited)",
				);
				GCC_WARN_64_TO_32_BIT_CONVERSION = YES;
				GCC_WARN_ABOUT_RETURN_TYPE = YES_ERROR;
				GCC_WARN_UNDECLARED_SELECTOR = YES;
				GCC_WARN_UNINITIALIZED_AUTOS = YES_AGGRESSIVE;
				GCC_WARN_UNUSED_FUNCTION = YES;
				GCC_WARN_UNUSED_VARIABLE = YES;
				IPHONEOS_DEPLOYMENT_TARGET = 9.3;
				MTL_ENABLE_DEBUG_INFO = YES;
				ONLY_ACTIVE_ARCH = YES;
				SDKROOT = iphoneos;
				SWIFT_OPTIMIZATION_LEVEL = "-Onone";
			};
			name = Debug;
		};
		F24EFE4D1D1C5FD800C59430 /* Release */ = {
			isa = XCBuildConfiguration;
			buildSettings = {
				ALWAYS_SEARCH_USER_PATHS = NO;
				CLANG_ANALYZER_NONNULL = YES;
				CLANG_CXX_LANGUAGE_STANDARD = "gnu++0x";
				CLANG_CXX_LIBRARY = "libc++";
				CLANG_ENABLE_MODULES = YES;
				CLANG_ENABLE_OBJC_ARC = YES;
				CLANG_WARN_BOOL_CONVERSION = YES;
				CLANG_WARN_CONSTANT_CONVERSION = YES;
				CLANG_WARN_DIRECT_OBJC_ISA_USAGE = YES_ERROR;
				CLANG_WARN_EMPTY_BODY = YES;
				CLANG_WARN_ENUM_CONVERSION = YES;
				CLANG_WARN_INT_CONVERSION = YES;
				CLANG_WARN_OBJC_ROOT_CLASS = YES_ERROR;
				CLANG_WARN_UNREACHABLE_CODE = YES;
				CLANG_WARN__DUPLICATE_METHOD_MATCH = YES;
				"CODE_SIGN_IDENTITY[sdk=iphoneos*]" = "iPhone Developer";
				COPY_PHASE_STRIP = NO;
				DEBUG_INFORMATION_FORMAT = "dwarf-with-dsym";
				ENABLE_NS_ASSERTIONS = NO;
				ENABLE_STRICT_OBJC_MSGSEND = YES;
				GCC_C_LANGUAGE_STANDARD = gnu99;
				GCC_NO_COMMON_BLOCKS = YES;
				GCC_WARN_64_TO_32_BIT_CONVERSION = YES;
				GCC_WARN_ABOUT_RETURN_TYPE = YES_ERROR;
				GCC_WARN_UNDECLARED_SELECTOR = YES;
				GCC_WARN_UNINITIALIZED_AUTOS = YES_AGGRESSIVE;
				GCC_WARN_UNUSED_FUNCTION = YES;
				GCC_WARN_UNUSED_VARIABLE = YES;
				IPHONEOS_DEPLOYMENT_TARGET = 9.3;
				MTL_ENABLE_DEBUG_INFO = NO;
				SDKROOT = iphoneos;
				VALIDATE_PRODUCT = YES;
			};
			name = Release;
		};
		F24EFE4F1D1C5FD800C59430 /* Debug */ = {
			isa = XCBuildConfiguration;
			buildSettings = {
				ASSETCATALOG_COMPILER_APPICON_NAME = AppIcon;
				INFOPLIST_FILE = UrCal/Info.plist;
				LD_RUNPATH_SEARCH_PATHS = "$(inherited) @executable_path/Frameworks";
				PRODUCT_BUNDLE_IDENTIFIER = com.FengChang.UrCal;
				PRODUCT_NAME = "$(TARGET_NAME)";
			};
			name = Debug;
		};
		F24EFE501D1C5FD800C59430 /* Release */ = {
			isa = XCBuildConfiguration;
			buildSettings = {
				ASSETCATALOG_COMPILER_APPICON_NAME = AppIcon;
				INFOPLIST_FILE = UrCal/Info.plist;
				LD_RUNPATH_SEARCH_PATHS = "$(inherited) @executable_path/Frameworks";
				PRODUCT_BUNDLE_IDENTIFIER = com.FengChang.UrCal;
				PRODUCT_NAME = "$(TARGET_NAME)";
			};
			name = Release;
		};
		F24EFE521D1C5FD800C59430 /* Debug */ = {
			isa = XCBuildConfiguration;
			buildSettings = {
				BUNDLE_LOADER = "$(TEST_HOST)";
				INFOPLIST_FILE = UrCalTests/Info.plist;
				LD_RUNPATH_SEARCH_PATHS = "$(inherited) @executable_path/Frameworks @loader_path/Frameworks";
				PRODUCT_BUNDLE_IDENTIFIER = com.FengChang.UrCalTests;
				PRODUCT_NAME = "$(TARGET_NAME)";
				TEST_HOST = "$(BUILT_PRODUCTS_DIR)/UrCal.app/UrCal";
			};
			name = Debug;
		};
		F24EFE531D1C5FD800C59430 /* Release */ = {
			isa = XCBuildConfiguration;
			buildSettings = {
				BUNDLE_LOADER = "$(TEST_HOST)";
				INFOPLIST_FILE = UrCalTests/Info.plist;
				LD_RUNPATH_SEARCH_PATHS = "$(inherited) @executable_path/Frameworks @loader_path/Frameworks";
				PRODUCT_BUNDLE_IDENTIFIER = com.FengChang.UrCalTests;
				PRODUCT_NAME = "$(TARGET_NAME)";
				TEST_HOST = "$(BUILT_PRODUCTS_DIR)/UrCal.app/UrCal";
			};
			name = Release;
		};
		F24EFE551D1C5FD800C59430 /* Debug */ = {
			isa = XCBuildConfiguration;
			buildSettings = {
				INFOPLIST_FILE = UrCalUITests/Info.plist;
				LD_RUNPATH_SEARCH_PATHS = "$(inherited) @executable_path/Frameworks @loader_path/Frameworks";
				PRODUCT_BUNDLE_IDENTIFIER = com.FengChang.UrCalUITests;
				PRODUCT_NAME = "$(TARGET_NAME)";
				TEST_TARGET_NAME = UrCal;
			};
			name = Debug;
		};
		F24EFE561D1C5FD800C59430 /* Release */ = {
			isa = XCBuildConfiguration;
			buildSettings = {
				INFOPLIST_FILE = UrCalUITests/Info.plist;
				LD_RUNPATH_SEARCH_PATHS = "$(inherited) @executable_path/Frameworks @loader_path/Frameworks";
				PRODUCT_BUNDLE_IDENTIFIER = com.FengChang.UrCalUITests;
				PRODUCT_NAME = "$(TARGET_NAME)";
				TEST_TARGET_NAME = UrCal;
			};
			name = Release;
		};
/* End XCBuildConfiguration section */

/* Begin XCConfigurationList section */
		F24EFE211D1C5FD800C59430 /* Build configuration list for PBXProject "UrCal" */ = {
			isa = XCConfigurationList;
			buildConfigurations = (
				F24EFE4C1D1C5FD800C59430 /* Debug */,
				F24EFE4D1D1C5FD800C59430 /* Release */,
			);
			defaultConfigurationIsVisible = 0;
			defaultConfigurationName = Release;
		};
		F24EFE4E1D1C5FD800C59430 /* Build configuration list for PBXNativeTarget "UrCal" */ = {
			isa = XCConfigurationList;
			buildConfigurations = (
				F24EFE4F1D1C5FD800C59430 /* Debug */,
				F24EFE501D1C5FD800C59430 /* Release */,
			);
			defaultConfigurationIsVisible = 0;
		};
		F24EFE511D1C5FD800C59430 /* Build configuration list for PBXNativeTarget "UrCalTests" */ = {
			isa = XCConfigurationList;
			buildConfigurations = (
				F24EFE521D1C5FD800C59430 /* Debug */,
				F24EFE531D1C5FD800C59430 /* Release */,
			);
			defaultConfigurationIsVisible = 0;
		};
		F24EFE541D1C5FD800C59430 /* Build configuration list for PBXNativeTarget "UrCalUITests" */ = {
			isa = XCConfigurationList;
			buildConfigurations = (
				F24EFE551D1C5FD800C59430 /* Debug */,
				F24EFE561D1C5FD800C59430 /* Release */,
			);
			defaultConfigurationIsVisible = 0;
		};
/* End XCConfigurationList section */
	};
	rootObject = F24EFE1E1D1C5FD800C59430 /* Project object */;
}
